{
  "version": 4,
  "terraform_version": "1.5.7",
  "serial": 20,
  "lineage": "3dbc8fb8-f2c4-5efe-2718-f753675bbee2",
  "outputs": {
    "external_ip_address_vm_1": {
      "value": "89.169.134.161",
      "type": "string"
    },
    "internal_ip_address_vm_1": {
      "value": "192.168.10.26",
      "type": "string"
    }
  },
  "resources": [
    {
      "mode": "managed",
      "type": "yandex_compute_disk",
      "name": "boot-disk-1",
      "provider": "provider[\"registry.terraform.io/yandex-cloud/yandex\"]",
      "instances": [
        {
          "schema_version": 0,
          "attributes": {
            "allow_recreate": null,
            "block_size": 4096,
            "created_at": "2024-10-01T14:25:30Z",
            "description": "",
            "disk_placement_policy": [
              {
                "disk_placement_group_id": ""
              }
            ],
            "folder_id": "b1ghca5v18h1eoenfmkk",
            "id": "fhmfp8t8d6fivig8dgra",
            "image_id": "fd801rku4j14mv7fs703",
            "labels": null,
            "name": "boot-disk-1",
            "product_ids": [
              "f2ensop16ipcgqe16qfg"
            ],
            "size": 10,
            "snapshot_id": "",
            "status": "ready",
            "timeouts": null,
            "type": "network-hdd",
            "zone": "ru-central1-a"
          },
          "sensitive_attributes": [],
          "private": "eyJlMmJmYjczMC1lY2FhLTExZTYtOGY4OC0zNDM2M2JjN2M0YzAiOnsiY3JlYXRlIjozMDAwMDAwMDAwMDAsImRlbGV0ZSI6MzAwMDAwMDAwMDAwLCJ1cGRhdGUiOjMwMDAwMDAwMDAwMH19"
        }
      ]
    },
    {
      "mode": "managed",
      "type": "yandex_compute_instance",
      "name": "vm-1",
      "provider": "provider[\"registry.terraform.io/yandex-cloud/yandex\"]",
      "instances": [
        {
          "schema_version": 1,
          "attributes": {
            "allow_recreate": null,
            "allow_stopping_for_update": null,
            "boot_disk": [
              {
                "auto_delete": true,
                "device_name": "fhmfp8t8d6fivig8dgra",
                "disk_id": "fhmfp8t8d6fivig8dgra",
                "initialize_params": [
                  {
                    "block_size": 4096,
                    "description": "",
                    "image_id": "fd801rku4j14mv7fs703",
                    "name": "boot-disk-1",
                    "size": 10,
                    "snapshot_id": "",
                    "type": "network-hdd"
                  }
                ],
                "mode": "READ_WRITE"
              }
            ],
            "created_at": "2024-10-01T14:25:45Z",
            "description": "",
            "filesystem": [],
            "folder_id": "b1ghca5v18h1eoenfmkk",
            "fqdn": "fhmgb1nmtghl7kb5ndoe.auto.internal",
            "gpu_cluster_id": "",
            "hostname": "",
            "id": "fhmgb1nmtghl7kb5ndoe",
            "labels": null,
            "local_disk": [],
            "maintenance_grace_period": "",
            "maintenance_policy": null,
            "metadata": {
              "ssh-keys": "/Users/smikheev/.ssh/id_rsa.pub",
              "user-data": "#cloud-config\nusers:\n  - name: smikheev\n    groups: sudo\n    shell: /bin/bash\n    sudo: 'ALL=(ALL) NOPASSWD:ALL'\n    ssh-authorized-keys:\n        ssh-rsa AAAAB3NzaC1yc2EAAAADAQABAAACAQCnLXoDfmcqTHY8CUd84lMHLyeAaGqfsqffK99A8aWWJhGGCZDblNMmpIxrroftxAo/MzLphCFGFq2PDZaIwOu+dAuw5qAn/WptrUjkW/lIfGerJeJyJBBSysLSTf5g69Zz2Wnp8lXIY9RJf0aHKujQ07lSdf4UtviTFIdx7bvDJm8qw/EkzjaCPYHmM4+7i8A0s4HLI17VXREq2FC4u9A2Y9MeIt/2NfPn46jw0H2Lv6uaj3HKmEsJe9srYtL+KhncFXsftcv9o0Xb2vyBhRYixbEBS3xVR1bwOdKKr4CBtsJoztQuO0Gp9H4tL8uOO+HfrhoXQp0Za4luJBVC6MDPGivDTNuTK7x0gaf+vqaPc633+6OPQMMjh5b1S65rWiEhQVrP+wd7eiblMWZHk6YJiGSDW84xAcTuAVKQn7GWxZFcyeE/HzTReX9fO/P84u5EaOy57LloL5Zs/R8uQr93khW4eT2TTz72F7w6qtNDXl4hOWbbrd5O7GxWofwZvuHwLzveozodPgwpWGWJq7NWTV2DJ6fyCmba/MkVacV8XEl7+p8KG6DLqJQknjysUW3tCl3mQLn4v0z1CtCi6fcamPvzoC1dilkzR/2bld4lr5s3fzZBoJ/BZoQyvYVbV/FrhJqZAU/o5T0MT3IWCIYmzg2jN5kkqZ4x9vWPheQETw== smikheev@MacBook-Air-Sergei.local"
            },
            "metadata_options": [
              {
                "aws_v1_http_endpoint": 1,
                "aws_v1_http_token": 2,
                "gce_http_endpoint": 1,
                "gce_http_token": 1
              }
            ],
            "name": "terraform1",
            "network_acceleration_type": "standard",
            "network_interface": [
              {
                "dns_record": [],
                "index": 0,
                "ip_address": "192.168.10.26",
                "ipv4": true,
                "ipv6": false,
                "ipv6_address": "",
                "ipv6_dns_record": [],
                "mac_address": "d0:0d:10:58:6f:6e",
                "nat": true,
                "nat_dns_record": [],
                "nat_ip_address": "89.169.134.161",
                "nat_ip_version": "IPV4",
                "security_group_ids": [],
                "subnet_id": "e9b2fuvj0g23fc68t40c"
              }
            ],
            "placement_policy": [
              {
                "host_affinity_rules": [],
                "placement_group_id": "",
                "placement_group_partition": 0
              }
            ],
            "platform_id": "standard-v1",
            "resources": [
              {
                "core_fraction": 100,
                "cores": 2,
                "gpus": 0,
                "memory": 2
              }
            ],
            "scheduling_policy": [
              {
                "preemptible": false
              }
            ],
            "secondary_disk": [],
            "service_account_id": "",
            "status": "running",
            "timeouts": null,
            "zone": "ru-central1-a"
          },
          "sensitive_attributes": [],
          "private": "eyJlMmJmYjczMC1lY2FhLTExZTYtOGY4OC0zNDM2M2JjN2M0YzAiOnsiY3JlYXRlIjozMDAwMDAwMDAwMDAsImRlbGV0ZSI6MzAwMDAwMDAwMDAwLCJ1cGRhdGUiOjMwMDAwMDAwMDAwMH0sInNjaGVtYV92ZXJzaW9uIjoiMSJ9",
          "dependencies": [
            "yandex_compute_disk.boot-disk-1",
            "yandex_vpc_network.network-1",
            "yandex_vpc_subnet.subnet-1"
          ]
        }
      ]
    },
    {
      "mode": "managed",
      "type": "yandex_vpc_network",
      "name": "network-1",
      "provider": "provider[\"registry.terraform.io/yandex-cloud/yandex\"]",
      "instances": [
        {
          "schema_version": 0,
          "attributes": {
            "created_at": "2024-10-01T14:19:57Z",
            "default_security_group_id": "enpl6osctmm4gvtl6srp",
            "description": "",
            "folder_id": "b1ghca5v18h1eoenfmkk",
            "id": "enpu0eaissr02in30l77",
            "labels": {},
            "name": "network1",
            "subnet_ids": [],
            "timeouts": null
          },
          "sensitive_attributes": [],
          "private": "eyJlMmJmYjczMC1lY2FhLTExZTYtOGY4OC0zNDM2M2JjN2M0YzAiOnsiY3JlYXRlIjo2MDAwMDAwMDAwMCwiZGVsZXRlIjo2MDAwMDAwMDAwMCwidXBkYXRlIjo2MDAwMDAwMDAwMH19"
        }
      ]
    },
    {
      "mode": "managed",
      "type": "yandex_vpc_subnet",
      "name": "subnet-1",
      "provider": "provider[\"registry.terraform.io/yandex-cloud/yandex\"]",
      "instances": [
        {
          "schema_version": 0,
          "attributes": {
            "created_at": "2024-10-01T14:25:30Z",
            "description": "",
            "dhcp_options": [],
            "folder_id": "b1ghca5v18h1eoenfmkk",
            "id": "e9b2fuvj0g23fc68t40c",
            "labels": {},
            "name": "subnet1",
            "network_id": "enpu0eaissr02in30l77",
            "route_table_id": "",
            "timeouts": null,
            "v4_cidr_blocks": [
              "192.168.10.0/24"
            ],
            "v6_cidr_blocks": [],
            "zone": "ru-central1-a"
          },
          "sensitive_attributes": [],
          "private": "eyJlMmJmYjczMC1lY2FhLTExZTYtOGY4OC0zNDM2M2JjN2M0YzAiOnsiY3JlYXRlIjoxODAwMDAwMDAwMDAsImRlbGV0ZSI6MTgwMDAwMDAwMDAwLCJ1cGRhdGUiOjE4MDAwMDAwMDAwMH19",
          "dependencies": [
            "yandex_vpc_network.network-1"
          ]
        }
      ]
    }
  ],
  "check_results": null
}
